PODS:
  - DynamicColor (4.2.0)
  - Realm (3.19.0):
    - Realm/Headers (= 3.19.0)
  - Realm/Headers (3.19.0)
  - RealmSwift (3.19.0):
    - Realm (= 3.19.0)

DEPENDENCIES:
  - DynamicColor (~> 4.2.0)
  - RealmSwift

SPEC REPOS:
  trunk:
    - DynamicColor
    - Realm
    - RealmSwift

SPEC CHECKSUMS:
  DynamicColor: c475f66bda1cabf602f2c54ac1171c0c07148a5a
  Realm: 995d585bcf699aaff226715886c849a29dd3d07f
  RealmSwift: 35f284a537989f2187b413e5917091948cb87a3f

PODFILE CHECKSUM: d9f4573861bcafa65f3af19f8c2eb496ade6c750

COCOAPODS: 1.8.1
